{
  "requires": true,
  "lockfileVersion": 1,
  "dependencies": {
    "layui": {
      "version": "2.8.17",
      "resolved": "https://registry.npmjs.org/layui/-/layui-2.8.17.tgz",
      "integrity": "sha512-voQjmnV2ZnqKyk81J1Q79OB2jVNam3+et/HfEQoH4q+gEfaZ8aqxnhpPBPeFotWANufSHZDm0yqTkK05VDSKdg=="
    }
  }
}
